{
    "_readme": [
        "This file locks the dependencies of your project to a known state",
        "Read more about it at http://getcomposer.org/doc/01-basic-usage.md#composer-lock-the-lock-file"
    ],
    "hash": "7a32571d0c42a094c4400854fd2c1686",
    "packages": [
        {
            "name": "phptal/phptal",
            "version": "dev-master",
            "source": {
                "type": "git",
                "url": "https://github.com/pornel/PHPTAL.git",
                "reference": "d39537b9e922a7ca586986f74e445ca852c7f59f"
            },
            "dist": {
                "type": "zip",
                "url": "https://api.github.com/repos/pornel/PHPTAL/zipball/d39537b9e922a7ca586986f74e445ca852c7f59f",
                "reference": "d39537b9e922a7ca586986f74e445ca852c7f59f",
                "shasum": ""
            },
            "require": {
                "php": ">=5.1.2"
            },
            "type": "library",
            "autoload": {
                "psr-0": {
                    "PHPTAL": "classes/"
                }
            },
            "notification-url": "https://packagist.org/downloads/",
            "license": [
                "LGPLv2"
            ],
            "authors": [
                {
                    "name": "Laurent Bédubourg",
                    "email": "lbedubourg@motion-twin.com",
                    "homepage": "http://labe.me"
                },
                {
                    "name": "Kornel Lesiński",
                    "email": "kornel@geekhood.net",
                    "homepage": "http://pornel.net/"
                }
            ],
            "description": "PHPTAL is a templating engine for PHP5 that implements Zope Page Templates syntax",
            "homepage": "http://phptal.org/",
            "keywords": [
                "phptal",
                "template engine",
                "zope"
            ],
            "time": "2013-10-25 14:32:15"
        }
    ],
    "packages-dev": [

    ],
    "aliases": [

    ],
    "minimum-stability": "dev",
    "stability-flags": {
        "phptal/phptal": 20
    },
    "platform": [

    ],
    "platform-dev": [

    ]
}
